{
    "name": "darth-buddha-vscode-theme",
    "version": "0.0.1",
    "lockfileVersion": 3,
    "requires": true,
    "packages": {
        "": {
            "name": "darth-buddha-vscode-theme",
            "version": "0.0.1",
            "license": "MIT",
            "dependencies": {
                "patch-version": "^0.1.1"
            },
            "engines": {
                "vscode": "^1.82.0"
            }
        },
        "node_modules/patch-version": {
            "version": "0.1.1",
            "resolved": "https://registry.npmjs.org/patch-version/-/patch-version-0.1.1.tgz",
            "integrity": "sha512-HG0hGMH/75NQBRDFC/W1hwhFlG/k5Sbl6NUNCqrNDa7hftHhA9nAIRXTSl1pZE7wFv7WjV1O0/NYPbVQUvEYnw==",
            "bin": {
                "patch-version": "bin/patch-version"
            }
        }
    }
}
